// !$*UTF8*$!
{
	archiveVersion = 1;
	classes = {
	};
	objectVersion = 50;
	objects = {

/* Begin PBXBuildFile section */
		D1030F7D22E95AC7000E3432 /* RoundedView.swift in Sources */ = {isa = PBXBuildFile; fileRef = D1030F7C22E95AC7000E3432 /* RoundedView.swift */; };
		D105293222E6155700235E75 /* ChatVC.swift in Sources */ = {isa = PBXBuildFile; fileRef = D105293122E6155700235E75 /* ChatVC.swift */; };
		D105293422E6156800235E75 /* ChannelVC.swift in Sources */ = {isa = PBXBuildFile; fileRef = D105293322E6156800235E75 /* ChannelVC.swift */; };
		D105293622E6157C00235E75 /* LoginVC.swift in Sources */ = {isa = PBXBuildFile; fileRef = D105293522E6157C00235E75 /* LoginVC.swift */; };
		D105293922E6164F00235E75 /* Constants.swift in Sources */ = {isa = PBXBuildFile; fileRef = D105293822E6164F00235E75 /* Constants.swift */; };
		D105293B22E61D1D00235E75 /* GradientView.swift in Sources */ = {isa = PBXBuildFile; fileRef = D105293A22E61D1D00235E75 /* GradientView.swift */; };
		D10563EE22E767D800047A17 /* CreateAccountVC.swift in Sources */ = {isa = PBXBuildFile; fileRef = D10563ED22E767D800047A17 /* CreateAccountVC.swift */; };
		D10563F022E76C9700047A17 /* RoundedButton.swift in Sources */ = {isa = PBXBuildFile; fileRef = D10563EF22E76C9700047A17 /* RoundedButton.swift */; };
		D10563F222E7736900047A17 /* AuthService.swift in Sources */ = {isa = PBXBuildFile; fileRef = D10563F122E7736900047A17 /* AuthService.swift */; };
		D1598C5622E9520200B93D7F /* AddChannelVC.swift in Sources */ = {isa = PBXBuildFile; fileRef = D1598C5422E9520200B93D7F /* AddChannelVC.swift */; };
		D1598C5722E9520200B93D7F /* AddChannelVC.xib in Resources */ = {isa = PBXBuildFile; fileRef = D1598C5522E9520200B93D7F /* AddChannelVC.xib */; };
		D171F4FA22E8885B00CA8432 /* AvatarPickerVC.swift in Sources */ = {isa = PBXBuildFile; fileRef = D171F4F922E8885B00CA8432 /* AvatarPickerVC.swift */; };
		D171F4FC22E88BD300CA8432 /* AvatarCell.swift in Sources */ = {isa = PBXBuildFile; fileRef = D171F4FB22E88BD300CA8432 /* AvatarCell.swift */; };
		D171F4FE22E8993900CA8432 /* UserDataService.swift in Sources */ = {isa = PBXBuildFile; fileRef = D171F4FD22E8993900CA8432 /* UserDataService.swift */; };
		D171F50022E8DA5D00CA8432 /* CircleImage.swift in Sources */ = {isa = PBXBuildFile; fileRef = D171F4FF22E8DA5D00CA8432 /* CircleImage.swift */; };
		D171F50222E8DED500CA8432 /* TextFieldView.swift in Sources */ = {isa = PBXBuildFile; fileRef = D171F50122E8DED500CA8432 /* TextFieldView.swift */; };
		D1795A3922E8F101009EAD21 /* ProfileVC.swift in Sources */ = {isa = PBXBuildFile; fileRef = D1795A3722E8F101009EAD21 /* ProfileVC.swift */; };
		D1795A3A22E8F101009EAD21 /* ProfileVC.xib in Resources */ = {isa = PBXBuildFile; fileRef = D1795A3822E8F101009EAD21 /* ProfileVC.xib */; };
		D1795A3E22E94A2A009EAD21 /* MessageService.swift in Sources */ = {isa = PBXBuildFile; fileRef = D1795A3D22E94A29009EAD21 /* MessageService.swift */; };
		D1795A4022E94A62009EAD21 /* Channel.swift in Sources */ = {isa = PBXBuildFile; fileRef = D1795A3F22E94A62009EAD21 /* Channel.swift */; };
		D1795A4222E94DA9009EAD21 /* ChannelCell.swift in Sources */ = {isa = PBXBuildFile; fileRef = D1795A4122E94DA9009EAD21 /* ChannelCell.swift */; };
		D1F1F12A22E4F65D004ABF39 /* AppDelegate.swift in Sources */ = {isa = PBXBuildFile; fileRef = D1F1F12922E4F65D004ABF39 /* AppDelegate.swift */; };
		D1F1F12F22E4F65D004ABF39 /* Main.storyboard in Resources */ = {isa = PBXBuildFile; fileRef = D1F1F12D22E4F65D004ABF39 /* Main.storyboard */; };
		D1F1F13122E4F65F004ABF39 /* Assets.xcassets in Resources */ = {isa = PBXBuildFile; fileRef = D1F1F13022E4F65F004ABF39 /* Assets.xcassets */; };
		D1F1F13422E4F65F004ABF39 /* LaunchScreen.storyboard in Resources */ = {isa = PBXBuildFile; fileRef = D1F1F13222E4F65F004ABF39 /* LaunchScreen.storyboard */; };
		D1F1F14222E4F770004ABF39 /* SWRevealViewController.m in Sources */ = {isa = PBXBuildFile; fileRef = D1F1F14022E4F770004ABF39 /* SWRevealViewController.m */; };
		F7B6D63A7D9A4E39962090BE /* Pods_Smack.framework in Frameworks */ = {isa = PBXBuildFile; fileRef = 7B19A5F0DC31EC7FD981F341 /* Pods_Smack.framework */; };
/* End PBXBuildFile section */

/* Begin PBXFileReference section */
		14EB97F76926E3F985E14CCF /* Pods-Smack.debug.xcconfig */ = {isa = PBXFileReference; includeInIndex = 1; lastKnownFileType = text.xcconfig; name = "Pods-Smack.debug.xcconfig"; path = "Pods/Target Support Files/Pods-Smack/Pods-Smack.debug.xcconfig"; sourceTree = "<group>"; };
		7B19A5F0DC31EC7FD981F341 /* Pods_Smack.framework */ = {isa = PBXFileReference; explicitFileType = wrapper.framework; includeInIndex = 0; path = Pods_Smack.framework; sourceTree = BUILT_PRODUCTS_DIR; };
		D1030F7C22E95AC7000E3432 /* RoundedView.swift */ = {isa = PBXFileReference; lastKnownFileType = sourcecode.swift; path = RoundedView.swift; sourceTree = "<group>"; };
		D105293122E6155700235E75 /* ChatVC.swift */ = {isa = PBXFileReference; lastKnownFileType = sourcecode.swift; path = ChatVC.swift; sourceTree = "<group>"; };
		D105293322E6156800235E75 /* ChannelVC.swift */ = {isa = PBXFileReference; lastKnownFileType = sourcecode.swift; path = ChannelVC.swift; sourceTree = "<group>"; };
		D105293522E6157C00235E75 /* LoginVC.swift */ = {isa = PBXFileReference; lastKnownFileType = sourcecode.swift; path = LoginVC.swift; sourceTree = "<group>"; };
		D105293822E6164F00235E75 /* Constants.swift */ = {isa = PBXFileReference; lastKnownFileType = sourcecode.swift; path = Constants.swift; sourceTree = "<group>"; };
		D105293A22E61D1D00235E75 /* GradientView.swift */ = {isa = PBXFileReference; lastKnownFileType = sourcecode.swift; path = GradientView.swift; sourceTree = "<group>"; };
		D10563ED22E767D800047A17 /* CreateAccountVC.swift */ = {isa = PBXFileReference; lastKnownFileType = sourcecode.swift; path = CreateAccountVC.swift; sourceTree = "<group>"; };
		D10563EF22E76C9700047A17 /* RoundedButton.swift */ = {isa = PBXFileReference; lastKnownFileType = sourcecode.swift; path = RoundedButton.swift; sourceTree = "<group>"; };
		D10563F122E7736900047A17 /* AuthService.swift */ = {isa = PBXFileReference; lastKnownFileType = sourcecode.swift; path = AuthService.swift; sourceTree = "<group>"; };
		D1598C5422E9520200B93D7F /* AddChannelVC.swift */ = {isa = PBXFileReference; lastKnownFileType = sourcecode.swift; path = AddChannelVC.swift; sourceTree = "<group>"; };
		D1598C5522E9520200B93D7F /* AddChannelVC.xib */ = {isa = PBXFileReference; lastKnownFileType = file.xib; path = AddChannelVC.xib; sourceTree = "<group>"; };
		D171F4F922E8885B00CA8432 /* AvatarPickerVC.swift */ = {isa = PBXFileReference; lastKnownFileType = sourcecode.swift; path = AvatarPickerVC.swift; sourceTree = "<group>"; };
		D171F4FB22E88BD300CA8432 /* AvatarCell.swift */ = {isa = PBXFileReference; lastKnownFileType = sourcecode.swift; name = AvatarCell.swift; path = ../AvatarCell.swift; sourceTree = "<group>"; };
		D171F4FD22E8993900CA8432 /* UserDataService.swift */ = {isa = PBXFileReference; lastKnownFileType = sourcecode.swift; path = UserDataService.swift; sourceTree = "<group>"; };
		D171F4FF22E8DA5D00CA8432 /* CircleImage.swift */ = {isa = PBXFileReference; lastKnownFileType = sourcecode.swift; path = CircleImage.swift; sourceTree = "<group>"; };
		D171F50122E8DED500CA8432 /* TextFieldView.swift */ = {isa = PBXFileReference; lastKnownFileType = sourcecode.swift; path = TextFieldView.swift; sourceTree = "<group>"; };
		D1795A3722E8F101009EAD21 /* ProfileVC.swift */ = {isa = PBXFileReference; lastKnownFileType = sourcecode.swift; path = ProfileVC.swift; sourceTree = "<group>"; };
		D1795A3822E8F101009EAD21 /* ProfileVC.xib */ = {isa = PBXFileReference; lastKnownFileType = file.xib; path = ProfileVC.xib; sourceTree = "<group>"; };
		D1795A3D22E94A29009EAD21 /* MessageService.swift */ = {isa = PBXFileReference; lastKnownFileType = sourcecode.swift; path = MessageService.swift; sourceTree = "<group>"; };
		D1795A3F22E94A62009EAD21 /* Channel.swift */ = {isa = PBXFileReference; lastKnownFileType = sourcecode.swift; path = Channel.swift; sourceTree = "<group>"; };
		D1795A4122E94DA9009EAD21 /* ChannelCell.swift */ = {isa = PBXFileReference; lastKnownFileType = sourcecode.swift; name = ChannelCell.swift; path = ../ChannelCell.swift; sourceTree = "<group>"; };
		D1F1F12622E4F65D004ABF39 /* Smack.app */ = {isa = PBXFileReference; explicitFileType = wrapper.application; includeInIndex = 0; path = Smack.app; sourceTree = BUILT_PRODUCTS_DIR; };
		D1F1F12922E4F65D004ABF39 /* AppDelegate.swift */ = {isa = PBXFileReference; lastKnownFileType = sourcecode.swift; path = AppDelegate.swift; sourceTree = "<group>"; };
		D1F1F12E22E4F65D004ABF39 /* Base */ = {isa = PBXFileReference; lastKnownFileType = file.storyboard; name = Base; path = Base.lproj/Main.storyboard; sourceTree = "<group>"; };
		D1F1F13022E4F65F004ABF39 /* Assets.xcassets */ = {isa = PBXFileReference; lastKnownFileType = folder.assetcatalog; path = Assets.xcassets; sourceTree = "<group>"; };
		D1F1F13322E4F65F004ABF39 /* Base */ = {isa = PBXFileReference; lastKnownFileType = file.storyboard; name = Base; path = Base.lproj/LaunchScreen.storyboard; sourceTree = "<group>"; };
		D1F1F13522E4F65F004ABF39 /* Info.plist */ = {isa = PBXFileReference; lastKnownFileType = text.plist.xml; path = Info.plist; sourceTree = "<group>"; };
		D1F1F13F22E4F76F004ABF39 /* Smack-Bridging-Header.h */ = {isa = PBXFileReference; lastKnownFileType = sourcecode.c.h; path = "Smack-Bridging-Header.h"; sourceTree = "<group>"; };
		D1F1F14022E4F770004ABF39 /* SWRevealViewController.m */ = {isa = PBXFileReference; fileEncoding = 4; lastKnownFileType = sourcecode.c.objc; path = SWRevealViewController.m; sourceTree = "<group>"; };
		D1F1F14122E4F770004ABF39 /* SWRevealViewController.h */ = {isa = PBXFileReference; fileEncoding = 4; lastKnownFileType = sourcecode.c.h; path = SWRevealViewController.h; sourceTree = "<group>"; };
		D5FD74E0C0B913F6376AFB29 /* Pods-Smack.release.xcconfig */ = {isa = PBXFileReference; includeInIndex = 1; lastKnownFileType = text.xcconfig; name = "Pods-Smack.release.xcconfig"; path = "Pods/Target Support Files/Pods-Smack/Pods-Smack.release.xcconfig"; sourceTree = "<group>"; };
/* End PBXFileReference section */

/* Begin PBXFrameworksBuildPhase section */
		D1F1F12322E4F65D004ABF39 /* Frameworks */ = {
			isa = PBXFrameworksBuildPhase;
			buildActionMask = 2147483647;
			files = (
				F7B6D63A7D9A4E39962090BE /* Pods_Smack.framework in Frameworks */,
			);
			runOnlyForDeploymentPostprocessing = 0;
		};
/* End PBXFrameworksBuildPhase section */

/* Begin PBXGroup section */
		06D6997E7C64816C04611C22 /* Pods */ = {
			isa = PBXGroup;
			children = (
				14EB97F76926E3F985E14CCF /* Pods-Smack.debug.xcconfig */,
				D5FD74E0C0B913F6376AFB29 /* Pods-Smack.release.xcconfig */,
			);
			name = Pods;
			sourceTree = "<group>";
		};
		9BE8B9269329E5693712B0D2 /* Frameworks */ = {
			isa = PBXGroup;
			children = (
				7B19A5F0DC31EC7FD981F341 /* Pods_Smack.framework */,
			);
			name = Frameworks;
			sourceTree = "<group>";
		};
		D105293722E6160700235E75 /* Utilities */ = {
			isa = PBXGroup;
			children = (
				D105293822E6164F00235E75 /* Constants.swift */,
			);
			path = Utilities;
			sourceTree = "<group>";
		};
		D10563EC22E766EC00047A17 /* Services */ = {
			isa = PBXGroup;
			children = (
				D10563F122E7736900047A17 /* AuthService.swift */,
				D171F4FD22E8993900CA8432 /* UserDataService.swift */,
				D1795A3D22E94A29009EAD21 /* MessageService.swift */,
			);
			path = Services;
			sourceTree = "<group>";
		};
		D171F50322E8ED1300CA8432 /* XIBs */ = {
			isa = PBXGroup;
			children = (
				D1795A3822E8F101009EAD21 /* ProfileVC.xib */,
				D1598C5522E9520200B93D7F /* AddChannelVC.xib */,
			);
			path = XIBs;
			sourceTree = "<group>";
		};
		D1795A4322E94F35009EAD21 /* Cells */ = {
			isa = PBXGroup;
			children = (
				D1795A4122E94DA9009EAD21 /* ChannelCell.swift */,
				D171F4FB22E88BD300CA8432 /* AvatarCell.swift */,
			);
			path = Cells;
			sourceTree = "<group>";
		};
		D1F1F11D22E4F65D004ABF39 = {
			isa = PBXGroup;
			children = (
				D1F1F12822E4F65D004ABF39 /* Smack */,
				D1F1F12722E4F65D004ABF39 /* Products */,
				06D6997E7C64816C04611C22 /* Pods */,
				9BE8B9269329E5693712B0D2 /* Frameworks */,
			);
			sourceTree = "<group>";
		};
		D1F1F12722E4F65D004ABF39 /* Products */ = {
			isa = PBXGroup;
			children = (
				D1F1F12622E4F65D004ABF39 /* Smack.app */,
			);
			name = Products;
			sourceTree = "<group>";
		};
		D1F1F12822E4F65D004ABF39 /* Smack */ = {
			isa = PBXGroup;
			children = (
				D10563EC22E766EC00047A17 /* Services */,
				D105293722E6160700235E75 /* Utilities */,
				D1F1F13E22E4F6EB004ABF39 /* Supporting Files */,
				D1F1F13D22E4F6DF004ABF39 /* Model */,
				D1F1F13C22E4F6DB004ABF39 /* View */,
				D1F1F13B22E4F6D1004ABF39 /* Controller */,
				D1F1F12922E4F65D004ABF39 /* AppDelegate.swift */,
				D1F1F12D22E4F65D004ABF39 /* Main.storyboard */,
				D1F1F13022E4F65F004ABF39 /* Assets.xcassets */,
				D1F1F13222E4F65F004ABF39 /* LaunchScreen.storyboard */,
				D1F1F13522E4F65F004ABF39 /* Info.plist */,
			);
			path = Smack;
			sourceTree = "<group>";
		};
		D1F1F13B22E4F6D1004ABF39 /* Controller */ = {
			isa = PBXGroup;
			children = (
				D105293122E6155700235E75 /* ChatVC.swift */,
				D105293322E6156800235E75 /* ChannelVC.swift */,
				D105293522E6157C00235E75 /* LoginVC.swift */,
				D10563ED22E767D800047A17 /* CreateAccountVC.swift */,
				D171F4F922E8885B00CA8432 /* AvatarPickerVC.swift */,
				D1795A3722E8F101009EAD21 /* ProfileVC.swift */,
				D1598C5422E9520200B93D7F /* AddChannelVC.swift */,
			);
			path = Controller;
			sourceTree = "<group>";
		};
		D1F1F13C22E4F6DB004ABF39 /* View */ = {
			isa = PBXGroup;
			children = (
				D1795A4322E94F35009EAD21 /* Cells */,
				D171F50322E8ED1300CA8432 /* XIBs */,
				D105293A22E61D1D00235E75 /* GradientView.swift */,
				D10563EF22E76C9700047A17 /* RoundedButton.swift */,
				D171F4FF22E8DA5D00CA8432 /* CircleImage.swift */,
				D171F50122E8DED500CA8432 /* TextFieldView.swift */,
				D1030F7C22E95AC7000E3432 /* RoundedView.swift */,
			);
			path = View;
			sourceTree = "<group>";
		};
		D1F1F13D22E4F6DF004ABF39 /* Model */ = {
			isa = PBXGroup;
			children = (
				D1795A3F22E94A62009EAD21 /* Channel.swift */,
			);
			path = Model;
			sourceTree = "<group>";
		};
		D1F1F13E22E4F6EB004ABF39 /* Supporting Files */ = {
			isa = PBXGroup;
			children = (
				D1F1F14122E4F770004ABF39 /* SWRevealViewController.h */,
				D1F1F14022E4F770004ABF39 /* SWRevealViewController.m */,
				D1F1F13F22E4F76F004ABF39 /* Smack-Bridging-Header.h */,
			);
			path = "Supporting Files";
			sourceTree = "<group>";
		};
/* End PBXGroup section */

/* Begin PBXNativeTarget section */
		D1F1F12522E4F65D004ABF39 /* Smack */ = {
			isa = PBXNativeTarget;
			buildConfigurationList = D1F1F13822E4F65F004ABF39 /* Build configuration list for PBXNativeTarget "Smack" */;
			buildPhases = (
				333AD70FBC486E4137621D07 /* [CP] Check Pods Manifest.lock */,
				D1F1F12222E4F65D004ABF39 /* Sources */,
				D1F1F12322E4F65D004ABF39 /* Frameworks */,
				D1F1F12422E4F65D004ABF39 /* Resources */,
				49FD4420A57A1F0831B1C6A0 /* [CP] Embed Pods Frameworks */,
			);
			buildRules = (
			);
			dependencies = (
			);
			name = Smack;
			productName = Smack;
			productReference = D1F1F12622E4F65D004ABF39 /* Smack.app */;
			productType = "com.apple.product-type.application";
		};
/* End PBXNativeTarget section */

/* Begin PBXProject section */
		D1F1F11E22E4F65D004ABF39 /* Project object */ = {
			isa = PBXProject;
			attributes = {
				LastSwiftUpdateCheck = 1020;
				LastUpgradeCheck = 1020;
				ORGANIZATIONNAME = "Mohamed Kotb";
				TargetAttributes = {
					D1F1F12522E4F65D004ABF39 = {
						CreatedOnToolsVersion = 10.2.1;
						LastSwiftMigration = 1020;
					};
				};
			};
			buildConfigurationList = D1F1F12122E4F65D004ABF39 /* Build configuration list for PBXProject "Smack" */;
			compatibilityVersion = "Xcode 9.3";
			developmentRegion = en;
			hasScannedForEncodings = 0;
			knownRegions = (
				en,
				Base,
			);
			mainGroup = D1F1F11D22E4F65D004ABF39;
			productRefGroup = D1F1F12722E4F65D004ABF39 /* Products */;
			projectDirPath = "";
			projectRoot = "";
			targets = (
				D1F1F12522E4F65D004ABF39 /* Smack */,
			);
		};
/* End PBXProject section */

/* Begin PBXResourcesBuildPhase section */
		D1F1F12422E4F65D004ABF39 /* Resources */ = {
			isa = PBXResourcesBuildPhase;
			buildActionMask = 2147483647;
			files = (
				D1598C5722E9520200B93D7F /* AddChannelVC.xib in Resources */,
				D1795A3A22E8F101009EAD21 /* ProfileVC.xib in Resources */,
				D1F1F13422E4F65F004ABF39 /* LaunchScreen.storyboard in Resources */,
				D1F1F13122E4F65F004ABF39 /* Assets.xcassets in Resources */,
				D1F1F12F22E4F65D004ABF39 /* Main.storyboard in Resources */,
			);
			runOnlyForDeploymentPostprocessing = 0;
		};
/* End PBXResourcesBuildPhase section */

/* Begin PBXShellScriptBuildPhase section */
		333AD70FBC486E4137621D07 /* [CP] Check Pods Manifest.lock */ = {
			isa = PBXShellScriptBuildPhase;
			buildActionMask = 2147483647;
			files = (
			);
			inputPaths = (
				"${PODS_PODFILE_DIR_PATH}/Podfile.lock",
				"${PODS_ROOT}/Manifest.lock",
			);
			name = "[CP] Check Pods Manifest.lock";
			outputPaths = (
				"$(DERIVED_FILE_DIR)/Pods-Smack-checkManifestLockResult.txt",
			);
			runOnlyForDeploymentPostprocessing = 0;
			shellPath = /bin/sh;
			shellScript = "diff \"${PODS_PODFILE_DIR_PATH}/Podfile.lock\" \"${PODS_ROOT}/Manifest.lock\" > /dev/null\nif [ $? != 0 ] ; then\n    # print error to STDERR\n    echo \"error: The sandbox is not in sync with the Podfile.lock. Run 'pod install' or update your CocoaPods installation.\" >&2\n    exit 1\nfi\n# This output is used by Xcode 'outputs' to avoid re-running this script phase.\necho \"SUCCESS\" > \"${SCRIPT_OUTPUT_FILE_0}\"\n";
			showEnvVarsInLog = 0;
		};
		49FD4420A57A1F0831B1C6A0 /* [CP] Embed Pods Frameworks */ = {
			isa = PBXShellScriptBuildPhase;
			buildActionMask = 2147483647;
			files = (
			);
			inputPaths = (
				"${SRCROOT}/Pods/Target Support Files/Pods-Smack/Pods-Smack-frameworks.sh",
				"${BUILT_PRODUCTS_DIR}/Alamofire/Alamofire.framework",
				"${BUILT_PRODUCTS_DIR}/Socket.IO-Client-Swift/SocketIO.framework",
				"${BUILT_PRODUCTS_DIR}/Starscream/Starscream.framework",
				"${BUILT_PRODUCTS_DIR}/SwiftyJSON/SwiftyJSON.framework",
			);
			name = "[CP] Embed Pods Frameworks";
			outputPaths = (
				"${TARGET_BUILD_DIR}/${FRAMEWORKS_FOLDER_PATH}/Alamofire.framework",
				"${TARGET_BUILD_DIR}/${FRAMEWORKS_FOLDER_PATH}/SocketIO.framework",
				"${TARGET_BUILD_DIR}/${FRAMEWORKS_FOLDER_PATH}/Starscream.framework",
				"${TARGET_BUILD_DIR}/${FRAMEWORKS_FOLDER_PATH}/SwiftyJSON.framework",
			);
			runOnlyForDeploymentPostprocessing = 0;
			shellPath = /bin/sh;
			shellScript = "\"${SRCROOT}/Pods/Target Support Files/Pods-Smack/Pods-Smack-frameworks.sh\"\n";
			showEnvVarsInLog = 0;
		};
/* End PBXShellScriptBuildPhase section */

/* Begin PBXSourcesBuildPhase section */
		D1F1F12222E4F65D004ABF39 /* Sources */ = {
			isa = PBXSourcesBuildPhase;
			buildActionMask = 2147483647;
			files = (
				D105293422E6156800235E75 /* ChannelVC.swift in Sources */,
				D171F4FE22E8993900CA8432 /* UserDataService.swift in Sources */,
				D1030F7D22E95AC7000E3432 /* RoundedView.swift in Sources */,
				D105293222E6155700235E75 /* ChatVC.swift in Sources */,
				D171F50022E8DA5D00CA8432 /* CircleImage.swift in Sources */,
				D1795A3922E8F101009EAD21 /* ProfileVC.swift in Sources */,
				D171F4FA22E8885B00CA8432 /* AvatarPickerVC.swift in Sources */,
				D1795A3E22E94A2A009EAD21 /* MessageService.swift in Sources */,
				D1795A4022E94A62009EAD21 /* Channel.swift in Sources */,
				D1F1F12A22E4F65D004ABF39 /* AppDelegate.swift in Sources */,
				D10563EE22E767D800047A17 /* CreateAccountVC.swift in Sources */,
				D1795A4222E94DA9009EAD21 /* ChannelCell.swift in Sources */,
				D10563F022E76C9700047A17 /* RoundedButton.swift in Sources */,
				D1F1F14222E4F770004ABF39 /* SWRevealViewController.m in Sources */,
				D105293B22E61D1D00235E75 /* GradientView.swift in Sources */,
				D10563F222E7736900047A17 /* AuthService.swift in Sources */,
				D171F50222E8DED500CA8432 /* TextFieldView.swift in Sources */,
				D1598C5622E9520200B93D7F /* AddChannelVC.swift in Sources */,
				D105293622E6157C00235E75 /* LoginVC.swift in Sources */,
				D171F4FC22E88BD300CA8432 /* AvatarCell.swift in Sources */,
				D105293922E6164F00235E75 /* Constants.swift in Sources */,
			);
			runOnlyForDeploymentPostprocessing = 0;
		};
/* End PBXSourcesBuildPhase section */

/* Begin PBXVariantGroup section */
		D1F1F12D22E4F65D004ABF39 /* Main.storyboard */ = {
			isa = PBXVariantGroup;
			children = (
				D1F1F12E22E4F65D004ABF39 /* Base */,
			);
			name = Main.storyboard;
			sourceTree = "<group>";
		};
		D1F1F13222E4F65F004ABF39 /* LaunchScreen.storyboard */ = {
			isa = PBXVariantGroup;
			children = (
				D1F1F13322E4F65F004ABF39 /* Base */,
			);
			name = LaunchScreen.storyboard;
			sourceTree = "<group>";
		};
/* End PBXVariantGroup section */

/* Begin XCBuildConfiguration section */
		D1F1F13622E4F65F004ABF39 /* Debug */ = {
			isa = XCBuildConfiguration;
			buildSettings = {
				ALWAYS_SEARCH_USER_PATHS = NO;
				CLANG_ANALYZER_NONNULL = YES;
				CLANG_ANALYZER_NUMBER_OBJECT_CONVERSION = YES_AGGRESSIVE;
				CLANG_CXX_LANGUAGE_STANDARD = "gnu++14";
				CLANG_CXX_LIBRARY = "libc++";
				CLANG_ENABLE_MODULES = YES;
				CLANG_ENABLE_OBJC_ARC = YES;
				CLANG_ENABLE_OBJC_WEAK = YES;
				CLANG_WARN_BLOCK_CAPTURE_AUTORELEASING = YES;
				CLANG_WARN_BOOL_CONVERSION = YES;
				CLANG_WARN_COMMA = YES;
				CLANG_WARN_CONSTANT_CONVERSION = YES;
				CLANG_WARN_DEPRECATED_OBJC_IMPLEMENTATIONS = YES;
				CLANG_WARN_DIRECT_OBJC_ISA_USAGE = YES_ERROR;
				CLANG_WARN_DOCUMENTATION_COMMENTS = YES;
				CLANG_WARN_EMPTY_BODY = YES;
				CLANG_WARN_ENUM_CONVERSION = YES;
				CLANG_WARN_INFINITE_RECURSION = YES;
				CLANG_WARN_INT_CONVERSION = YES;
				CLANG_WARN_NON_LITERAL_NULL_CONVERSION = YES;
				CLANG_WARN_OBJC_IMPLICIT_RETAIN_SELF = YES;
				CLANG_WARN_OBJC_LITERAL_CONVERSION = YES;
				CLANG_WARN_OBJC_ROOT_CLASS = YES_ERROR;
				CLANG_WARN_RANGE_LOOP_ANALYSIS = YES;
				CLANG_WARN_STRICT_PROTOTYPES = YES;
				CLANG_WARN_SUSPICIOUS_MOVE = YES;
				CLANG_WARN_UNGUARDED_AVAILABILITY = YES_AGGRESSIVE;
				CLANG_WARN_UNREACHABLE_CODE = YES;
				CLANG_WARN__DUPLICATE_METHOD_MATCH = YES;
				CODE_SIGN_IDENTITY = "iPhone Developer";
				COPY_PHASE_STRIP = NO;
				DEBUG_INFORMATION_FORMAT = dwarf;
				ENABLE_STRICT_OBJC_MSGSEND = YES;
				ENABLE_TESTABILITY = YES;
				GCC_C_LANGUAGE_STANDARD = gnu11;
				GCC_DYNAMIC_NO_PIC = NO;
				GCC_NO_COMMON_BLOCKS = YES;
				GCC_OPTIMIZATION_LEVEL = 0;
				GCC_PREPROCESSOR_DEFINITIONS = (
					"DEBUG=1",
					"$(inherited)",
				);
				GCC_WARN_64_TO_32_BIT_CONVERSION = YES;
				GCC_WARN_ABOUT_RETURN_TYPE = YES_ERROR;
				GCC_WARN_UNDECLARED_SELECTOR = YES;
				GCC_WARN_UNINITIALIZED_AUTOS = YES_AGGRESSIVE;
				GCC_WARN_UNUSED_FUNCTION = YES;
				GCC_WARN_UNUSED_VARIABLE = YES;
				IPHONEOS_DEPLOYMENT_TARGET = 12.2;
				MTL_ENABLE_DEBUG_INFO = INCLUDE_SOURCE;
				MTL_FAST_MATH = YES;
				ONLY_ACTIVE_ARCH = YES;
				SDKROOT = iphoneos;
				SWIFT_ACTIVE_COMPILATION_CONDITIONS = DEBUG;
				SWIFT_OPTIMIZATION_LEVEL = "-Onone";
			};
			name = Debug;
		};
		D1F1F13722E4F65F004ABF39 /* Release */ = {
			isa = XCBuildConfiguration;
			buildSettings = {
				ALWAYS_SEARCH_USER_PATHS = NO;
				CLANG_ANALYZER_NONNULL = YES;
				CLANG_ANALYZER_NUMBER_OBJECT_CONVERSION = YES_AGGRESSIVE;
				CLANG_CXX_LANGUAGE_STANDARD = "gnu++14";
				CLANG_CXX_LIBRARY = "libc++";
				CLANG_ENABLE_MODULES = YES;
				CLANG_ENABLE_OBJC_ARC = YES;
				CLANG_ENABLE_OBJC_WEAK = YES;
				CLANG_WARN_BLOCK_CAPTURE_AUTORELEASING = YES;
				CLANG_WARN_BOOL_CONVERSION = YES;
				CLANG_WARN_COMMA = YES;
				CLANG_WARN_CONSTANT_CONVERSION = YES;
				CLANG_WARN_DEPRECATED_OBJC_IMPLEMENTATIONS = YES;
				CLANG_WARN_DIRECT_OBJC_ISA_USAGE = YES_ERROR;
				CLANG_WARN_DOCUMENTATION_COMMENTS = YES;
				CLANG_WARN_EMPTY_BODY = YES;
				CLANG_WARN_ENUM_CONVERSION = YES;
				CLANG_WARN_INFINITE_RECURSION = YES;
				CLANG_WARN_INT_CONVERSION = YES;
				CLANG_WARN_NON_LITERAL_NULL_CONVERSION = YES;
				CLANG_WARN_OBJC_IMPLICIT_RETAIN_SELF = YES;
				CLANG_WARN_OBJC_LITERAL_CONVERSION = YES;
				CLANG_WARN_OBJC_ROOT_CLASS = YES_ERROR;
				CLANG_WARN_RANGE_LOOP_ANALYSIS = YES;
				CLANG_WARN_STRICT_PROTOTYPES = YES;
				CLANG_WARN_SUSPICIOUS_MOVE = YES;
				CLANG_WARN_UNGUARDED_AVAILABILITY = YES_AGGRESSIVE;
				CLANG_WARN_UNREACHABLE_CODE = YES;
				CLANG_WARN__DUPLICATE_METHOD_MATCH = YES;
				CODE_SIGN_IDENTITY = "iPhone Developer";
				COPY_PHASE_STRIP = NO;
				DEBUG_INFORMATION_FORMAT = "dwarf-with-dsym";
				ENABLE_NS_ASSERTIONS = NO;
				ENABLE_STRICT_OBJC_MSGSEND = YES;
				GCC_C_LANGUAGE_STANDARD = gnu11;
				GCC_NO_COMMON_BLOCKS = YES;
				GCC_WARN_64_TO_32_BIT_CONVERSION = YES;
				GCC_WARN_ABOUT_RETURN_TYPE = YES_ERROR;
				GCC_WARN_UNDECLARED_SELECTOR = YES;
				GCC_WARN_UNINITIALIZED_AUTOS = YES_AGGRESSIVE;
				GCC_WARN_UNUSED_FUNCTION = YES;
				GCC_WARN_UNUSED_VARIABLE = YES;
				IPHONEOS_DEPLOYMENT_TARGET = 12.2;
				MTL_ENABLE_DEBUG_INFO = NO;
				MTL_FAST_MATH = YES;
				SDKROOT = iphoneos;
				SWIFT_COMPILATION_MODE = wholemodule;
				SWIFT_OPTIMIZATION_LEVEL = "-O";
				VALIDATE_PRODUCT = YES;
			};
			name = Release;
		};
		D1F1F13922E4F65F004ABF39 /* Debug */ = {
			isa = XCBuildConfiguration;
			baseConfigurationReference = 14EB97F76926E3F985E14CCF /* Pods-Smack.debug.xcconfig */;
			buildSettings = {
				ASSETCATALOG_COMPILER_APPICON_NAME = AppIcon;
				CLANG_ENABLE_MODULES = YES;
				CODE_SIGN_STYLE = Automatic;
				INFOPLIST_FILE = Smack/Info.plist;
				IPHONEOS_DEPLOYMENT_TARGET = 12.0;
				LD_RUNPATH_SEARCH_PATHS = (
					"$(inherited)",
					"@executable_path/Frameworks",
				);
				PRODUCT_BUNDLE_IDENTIFIER = com.Kotb.Smack;
				PRODUCT_NAME = "$(TARGET_NAME)";
				SWIFT_OBJC_BRIDGING_HEADER = "Smack/Supporting Files/Smack-Bridging-Header.h";
				SWIFT_OPTIMIZATION_LEVEL = "-Onone";
				SWIFT_VERSION = 5.0;
				TARGETED_DEVICE_FAMILY = 1;
			};
			name = Debug;
		};
		D1F1F13A22E4F65F004ABF39 /* Release */ = {
			isa = XCBuildConfiguration;
			baseConfigurationReference = D5FD74E0C0B913F6376AFB29 /* Pods-Smack.release.xcconfig */;
			buildSettings = {
				ASSETCATALOG_COMPILER_APPICON_NAME = AppIcon;
				CLANG_ENABLE_MODULES = YES;
				CODE_SIGN_STYLE = Automatic;
				INFOPLIST_FILE = Smack/Info.plist;
				IPHONEOS_DEPLOYMENT_TARGET = 12.0;
				LD_RUNPATH_SEARCH_PATHS = (
					"$(inherited)",
					"@executable_path/Frameworks",
				);
				PRODUCT_BUNDLE_IDENTIFIER = com.Kotb.Smack;
				PRODUCT_NAME = "$(TARGET_NAME)";
				SWIFT_OBJC_BRIDGING_HEADER = "Smack/Supporting Files/Smack-Bridging-Header.h";
				SWIFT_VERSION = 5.0;
				TARGETED_DEVICE_FAMILY = 1;
			};
			name = Release;
		};
/* End XCBuildConfiguration section */

/* Begin XCConfigurationList section */
		D1F1F12122E4F65D004ABF39 /* Build configuration list for PBXProject "Smack" */ = {
			isa = XCConfigurationList;
			buildConfigurations = (
				D1F1F13622E4F65F004ABF39 /* Debug */,
				D1F1F13722E4F65F004ABF39 /* Release */,
			);
			defaultConfigurationIsVisible = 0;
			defaultConfigurationName = Release;
		};
		D1F1F13822E4F65F004ABF39 /* Build configuration list for PBXNativeTarget "Smack" */ = {
			isa = XCConfigurationList;
			buildConfigurations = (
				D1F1F13922E4F65F004ABF39 /* Debug */,
				D1F1F13A22E4F65F004ABF39 /* Release */,
			);
			defaultConfigurationIsVisible = 0;
			defaultConfigurationName = Release;
		};
/* End XCConfigurationList section */
	};
	rootObject = D1F1F11E22E4F65D004ABF39 /* Project object */;
}
